
Microsoft Visual Studio Solution File, Format Version 12.00
# Visual Studio Version 16
VisualStudioVersion = 16.0.31702.278
MinimumVisualStudioVersion = 10.0.40219.1
Project("{6EC3EE1D-3C4E-46DD-8F32-0CC8E7565705}") = "Lessons", "Lessons.fsproj", "{358DC28C-124F-402E-81D7-B0D25983B5B3}"
EndProject
Project("{F2A71F9B-5D33-465A-A702-920D77279786}") = "TinyML", "..\TinyML\TinyML.fsproj", "{2BD7C40F-1BA7-4282-864F-C3B685A22538}"
EndProject
Global
	GlobalSection(SolutionConfigurationPlatforms) = preSolution
		Debug|Any CPU = Debug|Any CPU
		Release|Any CPU = Release|Any CPU
	EndGlobalSection
	GlobalSection(ProjectConfigurationPlatforms) = postSolution
		{358DC28C-124F-402E-81D7-B0D25983B5B3}.Debug|Any CPU.ActiveCfg = Debug|Any CPU
		{358DC28C-124F-402E-81D7-B0D25983B5B3}.Debug|Any CPU.Build.0 = Debug|Any CPU
		{358DC28C-124F-402E-81D7-B0D25983B5B3}.Release|Any CPU.ActiveCfg = Release|Any CPU
		{358DC28C-124F-402E-81D7-B0D25983B5B3}.Release|Any CPU.Build.0 = Release|Any CPU
		{2BD7C40F-1BA7-4282-864F-C3B685A22538}.Debug|Any CPU.ActiveCfg = Debug|Any CPU
		{2BD7C40F-1BA7-4282-864F-C3B685A22538}.Debug|Any CPU.Build.0 = Debug|Any CPU
		{2BD7C40F-1BA7-4282-864F-C3B685A22538}.Release|Any CPU.ActiveCfg = Release|Any CPU
		{2BD7C40F-1BA7-4282-864F-C3B685A22538}.Release|Any CPU.Build.0 = Release|Any CPU
	EndGlobalSection
	GlobalSection(SolutionProperties) = preSolution
		HideSolutionNode = FALSE
	EndGlobalSection
	GlobalSection(ExtensibilityGlobals) = postSolution
		SolutionGuid = {9A304300-0C2C-4B81-9B2A-60DFF7F39CA7}
	EndGlobalSection
EndGlobal
