
Microsoft Visual Studio Solution File, Format Version 12.00
# Visual Studio Version 16
VisualStudioVersion = 16.0.31702.278
MinimumVisualStudioVersion = 10.0.40219.1
Project("{6EC3EE1D-3C4E-46DD-8F32-0CC8E7565705}") = "Lessons", "Lessons.fsproj", "{358DC28C-124F-402E-81D7-B0D25983B5B3}"
EndProject
Project("{F2A71F9B-5D33-465A-A702-920D77279786}") = "TinyML", "..\TinyML\TinyML.fsproj", "{2BD7C40F-1BA7-4282-864F-C3B685A22538}"
EndProject
Project("{F2A71F9B-5D33-465A-A702-920D77279786}") = "TinyML2", "..\TinyML2\TinyML2.fsproj", "{CF5DB1D4-BD5A-4C49-AC9D-8F51A7014D67}"
EndProject
Global
	GlobalSection(SolutionConfigurationPlatforms) = preSolution
		Debug Interactive|Any CPU = Debug Interactive|Any CPU
		Debug Test|Any CPU = Debug Test|Any CPU
		Debug|Any CPU = Debug|Any CPU
		Lessons Debug|Any CPU = Lessons Debug|Any CPU
		Release|Any CPU = Release|Any CPU
		TinyML Interactive Debug|Any CPU = TinyML Interactive Debug|Any CPU
		TinyML Test Debug|Any CPU = TinyML Test Debug|Any CPU
	EndGlobalSection
	GlobalSection(ProjectConfigurationPlatforms) = postSolution
		{358DC28C-124F-402E-81D7-B0D25983B5B3}.Debug Interactive|Any CPU.ActiveCfg = Debug|Any CPU
		{358DC28C-124F-402E-81D7-B0D25983B5B3}.Debug Interactive|Any CPU.Build.0 = Debug|Any CPU
		{358DC28C-124F-402E-81D7-B0D25983B5B3}.Debug Test|Any CPU.ActiveCfg = Debug|Any CPU
		{358DC28C-124F-402E-81D7-B0D25983B5B3}.Debug Test|Any CPU.Build.0 = Debug|Any CPU
		{358DC28C-124F-402E-81D7-B0D25983B5B3}.Debug|Any CPU.ActiveCfg = Debug|Any CPU
		{358DC28C-124F-402E-81D7-B0D25983B5B3}.Debug|Any CPU.Build.0 = Debug|Any CPU
		{358DC28C-124F-402E-81D7-B0D25983B5B3}.Lessons Debug|Any CPU.ActiveCfg = Debug|Any CPU
		{358DC28C-124F-402E-81D7-B0D25983B5B3}.Lessons Debug|Any CPU.Build.0 = Debug|Any CPU
		{358DC28C-124F-402E-81D7-B0D25983B5B3}.Release|Any CPU.ActiveCfg = Release|Any CPU
		{358DC28C-124F-402E-81D7-B0D25983B5B3}.Release|Any CPU.Build.0 = Release|Any CPU
		{358DC28C-124F-402E-81D7-B0D25983B5B3}.TinyML Interactive Debug|Any CPU.ActiveCfg = Debug|Any CPU
		{358DC28C-124F-402E-81D7-B0D25983B5B3}.TinyML Test Debug|Any CPU.ActiveCfg = Debug|Any CPU
		{2BD7C40F-1BA7-4282-864F-C3B685A22538}.Debug Interactive|Any CPU.ActiveCfg = Debug Interactive|Any CPU
		{2BD7C40F-1BA7-4282-864F-C3B685A22538}.Debug Interactive|Any CPU.Build.0 = Debug Interactive|Any CPU
		{2BD7C40F-1BA7-4282-864F-C3B685A22538}.Debug Test|Any CPU.ActiveCfg = Debug Interactive|Any CPU
		{2BD7C40F-1BA7-4282-864F-C3B685A22538}.Debug|Any CPU.ActiveCfg = Debug|Any CPU
		{2BD7C40F-1BA7-4282-864F-C3B685A22538}.Lessons Debug|Any CPU.ActiveCfg = Debug|Any CPU
		{2BD7C40F-1BA7-4282-864F-C3B685A22538}.Release|Any CPU.ActiveCfg = Release|Any CPU
		{2BD7C40F-1BA7-4282-864F-C3B685A22538}.TinyML Interactive Debug|Any CPU.ActiveCfg = Debug|Any CPU
		{2BD7C40F-1BA7-4282-864F-C3B685A22538}.TinyML Test Debug|Any CPU.ActiveCfg = Debug|Any CPU
		{CF5DB1D4-BD5A-4C49-AC9D-8F51A7014D67}.Debug Interactive|Any CPU.ActiveCfg = Debug|Any CPU
		{CF5DB1D4-BD5A-4C49-AC9D-8F51A7014D67}.Debug Interactive|Any CPU.Build.0 = Debug|Any CPU
		{CF5DB1D4-BD5A-4C49-AC9D-8F51A7014D67}.Debug Test|Any CPU.ActiveCfg = Debug|Any CPU
		{CF5DB1D4-BD5A-4C49-AC9D-8F51A7014D67}.Debug Test|Any CPU.Build.0 = Debug|Any CPU
		{CF5DB1D4-BD5A-4C49-AC9D-8F51A7014D67}.Debug|Any CPU.ActiveCfg = Debug|Any CPU
		{CF5DB1D4-BD5A-4C49-AC9D-8F51A7014D67}.Debug|Any CPU.Build.0 = Debug|Any CPU
		{CF5DB1D4-BD5A-4C49-AC9D-8F51A7014D67}.Lessons Debug|Any CPU.ActiveCfg = Debug|Any CPU
		{CF5DB1D4-BD5A-4C49-AC9D-8F51A7014D67}.Lessons Debug|Any CPU.Build.0 = Debug|Any CPU
		{CF5DB1D4-BD5A-4C49-AC9D-8F51A7014D67}.Release|Any CPU.ActiveCfg = Release|Any CPU
		{CF5DB1D4-BD5A-4C49-AC9D-8F51A7014D67}.Release|Any CPU.Build.0 = Release|Any CPU
		{CF5DB1D4-BD5A-4C49-AC9D-8F51A7014D67}.TinyML Interactive Debug|Any CPU.ActiveCfg = Debug|Any CPU
		{CF5DB1D4-BD5A-4C49-AC9D-8F51A7014D67}.TinyML Interactive Debug|Any CPU.Build.0 = Debug|Any CPU
		{CF5DB1D4-BD5A-4C49-AC9D-8F51A7014D67}.TinyML Test Debug|Any CPU.ActiveCfg = Debug|Any CPU
		{CF5DB1D4-BD5A-4C49-AC9D-8F51A7014D67}.TinyML Test Debug|Any CPU.Build.0 = Debug|Any CPU
	EndGlobalSection
	GlobalSection(SolutionProperties) = preSolution
		HideSolutionNode = FALSE
	EndGlobalSection
	GlobalSection(ExtensibilityGlobals) = postSolution
		SolutionGuid = {9A304300-0C2C-4B81-9B2A-60DFF7F39CA7}
	EndGlobalSection
EndGlobal
